
Microsoft Visual Studio Solution File, Format Version 12.00
# Visual Studio Version 17
VisualStudioVersion = 17.11.35327.3
MinimumVisualStudioVersion = 10.0.40219.1
Project("{9A19103F-16F7-4668-BE54-9A1E7A4F7556}") = "NS.Quizzy.Server", "NS.Quizzy.Server\NS.Quizzy.Server.csproj", "{8F032B92-DB6A-49CB-BA06-FC9434980F33}"
EndProject
Project("{54A90642-561A-4BB1-A94E-469ADEE60C69}") = "ns.quizzy.client", "ns.quizzy.client\ns.quizzy.client.esproj", "{6FF5CEE2-693D-4DA4-BE06-00E0C06D8323}"
EndProject
Project("{9A19103F-16F7-4668-BE54-9A1E7A4F7556}") = "NS.Quizzy.Server.BL", "NS.Quizzy.Server.BL\NS.Quizzy.Server.BL.csproj", "{363ED32B-8246-4BC3-A5EC-B7A2FBB3FC5F}"
EndProject
Project("{9A19103F-16F7-4668-BE54-9A1E7A4F7556}") = "NS.Quizzy.Server.DAL", "NS.Quizzy.Server.DAL\NS.Quizzy.Server.DAL.csproj", "{FBC2B8FA-B3F0-4B3F-BDFD-F257AC7778D9}"
EndProject
Project("{2150E333-8FDC-42A3-9474-1A3956D46DE8}") = "SolutionItems", "SolutionItems", "{4D5FCF87-B81A-42F4-97B1-1DD23EB56742}"
	ProjectSection(SolutionItems) = preProject
		NS.Quizzy.Server\Dockerfile = NS.Quizzy.Server\Dockerfile
		ReadMe.md = ReadMe.md
		.github\workflows\workflow.yml = .github\workflows\workflow.yml
	EndProjectSection
EndProject
Project("{9A19103F-16F7-4668-BE54-9A1E7A4F7556}") = "NS.Quizzy.Server.Common", "NS.Quizzy.Server.Common\NS.Quizzy.Server.Common.csproj", "{081EAF04-61FD-4E2D-9B4C-08DB1523EFA2}"
EndProject
Project("{FAE04EC0-301F-11D3-BF4B-00C04F79EFBC}") = "NS.Quizzy.TestUnits", "NS.Quizzy.TestUnits\NS.Quizzy.TestUnits.csproj", "{FBDBBB44-1B78-4821-A4D4-E1D11A5C61BC}"
EndProject
Global
	GlobalSection(SolutionConfigurationPlatforms) = preSolution
		Debug|Any CPU = Debug|Any CPU
		Release|Any CPU = Release|Any CPU
	EndGlobalSection
	GlobalSection(ProjectConfigurationPlatforms) = postSolution
		{8F032B92-DB6A-49CB-BA06-FC9434980F33}.Debug|Any CPU.ActiveCfg = Debug|Any CPU
		{8F032B92-DB6A-49CB-BA06-FC9434980F33}.Debug|Any CPU.Build.0 = Debug|Any CPU
		{8F032B92-DB6A-49CB-BA06-FC9434980F33}.Release|Any CPU.ActiveCfg = Release|Any CPU
		{8F032B92-DB6A-49CB-BA06-FC9434980F33}.Release|Any CPU.Build.0 = Release|Any CPU
		{6FF5CEE2-693D-4DA4-BE06-00E0C06D8323}.Debug|Any CPU.ActiveCfg = Debug|Any CPU
		{6FF5CEE2-693D-4DA4-BE06-00E0C06D8323}.Debug|Any CPU.Build.0 = Debug|Any CPU
		{6FF5CEE2-693D-4DA4-BE06-00E0C06D8323}.Debug|Any CPU.Deploy.0 = Debug|Any CPU
		{6FF5CEE2-693D-4DA4-BE06-00E0C06D8323}.Release|Any CPU.ActiveCfg = Release|Any CPU
		{6FF5CEE2-693D-4DA4-BE06-00E0C06D8323}.Release|Any CPU.Build.0 = Release|Any CPU
		{6FF5CEE2-693D-4DA4-BE06-00E0C06D8323}.Release|Any CPU.Deploy.0 = Release|Any CPU
		{363ED32B-8246-4BC3-A5EC-B7A2FBB3FC5F}.Debug|Any CPU.ActiveCfg = Debug|Any CPU
		{363ED32B-8246-4BC3-A5EC-B7A2FBB3FC5F}.Debug|Any CPU.Build.0 = Debug|Any CPU
		{363ED32B-8246-4BC3-A5EC-B7A2FBB3FC5F}.Release|Any CPU.ActiveCfg = Release|Any CPU
		{363ED32B-8246-4BC3-A5EC-B7A2FBB3FC5F}.Release|Any CPU.Build.0 = Release|Any CPU
		{FBC2B8FA-B3F0-4B3F-BDFD-F257AC7778D9}.Debug|Any CPU.ActiveCfg = Debug|Any CPU
		{FBC2B8FA-B3F0-4B3F-BDFD-F257AC7778D9}.Debug|Any CPU.Build.0 = Debug|Any CPU
		{FBC2B8FA-B3F0-4B3F-BDFD-F257AC7778D9}.Release|Any CPU.ActiveCfg = Release|Any CPU
		{FBC2B8FA-B3F0-4B3F-BDFD-F257AC7778D9}.Release|Any CPU.Build.0 = Release|Any CPU
		{081EAF04-61FD-4E2D-9B4C-08DB1523EFA2}.Debug|Any CPU.ActiveCfg = Debug|Any CPU
		{081EAF04-61FD-4E2D-9B4C-08DB1523EFA2}.Debug|Any CPU.Build.0 = Debug|Any CPU
		{081EAF04-61FD-4E2D-9B4C-08DB1523EFA2}.Release|Any CPU.ActiveCfg = Release|Any CPU
		{081EAF04-61FD-4E2D-9B4C-08DB1523EFA2}.Release|Any CPU.Build.0 = Release|Any CPU
		{FBDBBB44-1B78-4821-A4D4-E1D11A5C61BC}.Debug|Any CPU.ActiveCfg = Debug|Any CPU
		{FBDBBB44-1B78-4821-A4D4-E1D11A5C61BC}.Debug|Any CPU.Build.0 = Debug|Any CPU
		{FBDBBB44-1B78-4821-A4D4-E1D11A5C61BC}.Release|Any CPU.ActiveCfg = Release|Any CPU
		{FBDBBB44-1B78-4821-A4D4-E1D11A5C61BC}.Release|Any CPU.Build.0 = Release|Any CPU
	EndGlobalSection
	GlobalSection(SolutionProperties) = preSolution
		HideSolutionNode = FALSE
	EndGlobalSection
	GlobalSection(ExtensibilityGlobals) = postSolution
		SolutionGuid = {9B64EFC6-9526-45CD-ADDB-5D2EB76DDB94}
	EndGlobalSection
EndGlobal
